{
  "name": "02-exercise",
  "version": "1.0.0",
  "lockfileVersion": 3,
  "requires": true,
  "packages": {
    "": {
      "name": "02-exercise",
      "version": "1.0.0",
      "license": "ISC",
      "dependencies": {
        "@huggingface/inference": "^4.13.23",
        "dotenv": "^17.4.2"
      }
    },
    "node_modules/@huggingface/inference": {
      "version": "4.13.23",
      "resolved": "https://registry.npmjs.org/@huggingface/inference/-/inference-4.13.23.tgz",
      "integrity": "sha512-sUi2+AZP0Gda1zBXDl3HZo3O/qJnhUks53e7DKD4s+igo3ccbbULWvCZrU99M/nqDMSWCcZQxJCX8mH+OHNy2g==",
      "license": "MIT",
      "dependencies": {
        "@huggingface/jinja": "^0.5.9",
        "@huggingface/tasks": "^0.21.25"
      },
      "engines": {
        "node": ">=18"
      }
    },
    "node_modules/@huggingface/jinja": {
      "version": "0.5.9",
      "resolved": "https://registry.npmjs.org/@huggingface/jinja/-/jinja-0.5.9.tgz",
      "integrity": "sha512-uWTG+l3VJRsl7EXxYizuL3P+cCPoc3cRqbWWRcQN0FhejRfbdq0RNhCmbY/YDtnTcz9icdLYuLDjsnz4d8JMuw==",
      "license": "MIT",
      "engines": {
        "node": ">=18"
      }
    },
    "node_modules/@huggingface/tasks": {
      "version": "0.21.27",
      "resolved": "https://registry.npmjs.org/@huggingface/tasks/-/tasks-0.21.27.tgz",
      "integrity": "sha512-mpIwN14zIDWSwP9XfMvsv52K76YuijSL9qdbncDVBZXKvCN8RC7UU1+2mmuqk900DxvYwWs/VC04SZBP7yvmIQ==",
      "license": "MIT"
    },
    "node_modules/dotenv": {
      "version": "17.4.2",
      "resolved": "https://registry.npmjs.org/dotenv/-/dotenv-17.4.2.tgz",
      "integrity": "sha512-nI4U3TottKAcAD9LLud4Cb7b2QztQMUEfHbvhTH09bqXTxnSie8WnjPALV/WMCrJZ6UV/qHJ6L03OqO3LcdYZw==",
      "license": "BSD-2-Clause",
      "engines": {
        "node": ">=12"
      },
      "funding": {
        "url": "https://dotenvx.com"
      }
    }
  }
}
